
Microsoft Visual Studio Solution File, Format Version 12.00
# Visual Studio Version 17
VisualStudioVersion = 17.10.35013.160
MinimumVisualStudioVersion = 10.0.40219.1
Project("{2150E333-8FDC-42A3-9474-1A3956D46DE8}") = "Tools", "Tools", "{213C3B89-F127-4844-A59A-430653207DE3}"
EndProject
Project("{2150E333-8FDC-42A3-9474-1A3956D46DE8}") = "Infrastructure.Core", "Infrastructure.Core", "{69B9B197-F47F-421C-8BBA-636A42002B9D}"
EndProject
Project("{2150E333-8FDC-42A3-9474-1A3956D46DE8}") = "Model", "Model", "{D1BCB4A9-960E-43AB-BF63-EFE494361871}"
EndProject
Project("{2150E333-8FDC-42A3-9474-1A3956D46DE8}") = "Shipment.Core", "Shipment.Core", "{C9463DDC-CCEA-4283-9AE9-624B16E5517A}"
EndProject
Project("{2150E333-8FDC-42A3-9474-1A3956D46DE8}") = "Invoice.Core", "Invoice.Core", "{91C41A54-E65A-4182-A978-9467867BFF7A}"
EndProject
Project("{9A19103F-16F7-4668-BE54-9A1E7A4F7556}") = "AmitalCloud.Infrastructure.Model", "AmitalCloud.Infrastructure.Model\AmitalCloud.Infrastructure.Model.csproj", "{A4019BD8-1CCB-4218-B57F-881303DC17A5}"
EndProject
Project("{9A19103F-16F7-4668-BE54-9A1E7A4F7556}") = "AmitalCloud.Infrastructure.Application", "AmitalCloud.Infrastructure.Application\AmitalCloud.Infrastructure.Application.csproj", "{6F037C25-1186-4928-AE95-E101D5BEE259}"
EndProject
Project("{9A19103F-16F7-4668-BE54-9A1E7A4F7556}") = "AmitalCloud.Infrastructure.Data", "AmitalCloud.Infrastructure.Data\AmitalCloud.Infrastructure.Data.csproj", "{2C5203F0-F45C-46F6-86F7-62683152D845}"
EndProject
Project("{9A19103F-16F7-4668-BE54-9A1E7A4F7556}") = "AmitalCloud.Infrastructure.Domain", "AmitalCloud.Infrastructure.Domain\AmitalCloud.Infrastructure.Domain.csproj", "{C9B43241-CA0A-4367-8607-FFDBFBE5BA9D}"
EndProject
Project("{9A19103F-16F7-4668-BE54-9A1E7A4F7556}") = "AmitalCloud.Infrastructure.MetaData", "AmitalCloud.Infrastructure.MetaData\AmitalCloud.Infrastructure.MetaData.csproj", "{38BBE7CB-4798-439D-9403-E39A5746B85E}"
EndProject
Project("{9A19103F-16F7-4668-BE54-9A1E7A4F7556}") = "AmitalCloud.Infrastructure.Web", "AmitalCloud.Infrastructure.Web\AmitalCloud.Infrastructure.Web.csproj", "{A8735E5D-E4DC-4159-931F-B50FC9317EC0}"
EndProject
Project("{9A19103F-16F7-4668-BE54-9A1E7A4F7556}") = "AmitalCloud.Invoice.Application", "AmitalCloud.Invoice.Application\AmitalCloud.Invoice.Application.csproj", "{EEEA49D1-9700-4A17-88E0-DFA9BE637FA8}"
EndProject
Project("{9A19103F-16F7-4668-BE54-9A1E7A4F7556}") = "AmitalCloud.Invoice.Domain", "AmitalCloud.Invoice.Domain\AmitalCloud.Invoice.Domain.csproj", "{8D200EF2-E7CC-4CE1-A9C3-1C75642475A3}"
EndProject
Project("{9A19103F-16F7-4668-BE54-9A1E7A4F7556}") = "AmitalCloud.Invoice.MetaData", "AmitalCloud.Invoice.MetaData\AmitalCloud.Invoice.MetaData.csproj", "{B6DC6194-D538-48A1-9ADE-E074751F44B8}"
EndProject
Project("{9A19103F-16F7-4668-BE54-9A1E7A4F7556}") = "AmitalCloud.Invoice.Web", "AmitalCloud.Invoice.Web\AmitalCloud.Invoice.Web.csproj", "{98ED3732-3CCD-4D61-84E8-67FC1F7818CF}"
EndProject
Project("{9A19103F-16F7-4668-BE54-9A1E7A4F7556}") = "AmitalCloud.Invoice.Data", "AmitalCloud.Invoice.Data\AmitalCloud.Invoice.Data.csproj", "{F980295F-03D8-417F-B0F3-8264F93713E7}"
EndProject
Project("{9A19103F-16F7-4668-BE54-9A1E7A4F7556}") = "AmitalCloud.Shipment.Application", "AmitalCloud.Shipment.Application\AmitalCloud.Shipment.Application.csproj", "{FDCD3FEF-A865-4F1B-91CC-27210D5F74B2}"
EndProject
Project("{9A19103F-16F7-4668-BE54-9A1E7A4F7556}") = "AmitalCloud.Shipment.Data", "AmitalCloud.Shipment.Data\AmitalCloud.Shipment.Data.csproj", "{C62BFE0A-3681-4A85-981C-57E631306CAA}"
EndProject
Project("{9A19103F-16F7-4668-BE54-9A1E7A4F7556}") = "AmitalCloud.Shipment.Domain", "AmitalCloud.Shipment.Domain\AmitalCloud.Shipment.Domain.csproj", "{E75F0EE3-4C0C-4329-BC3B-5F7191BF5915}"
EndProject
Project("{9A19103F-16F7-4668-BE54-9A1E7A4F7556}") = "AmitalCloud.Shipment.MetaData", "AmitalCloud.Shipment.MetaData\AmitalCloud.Shipment.MetaData.csproj", "{F9FA2E43-87DC-460E-9E8D-2EFC489FA350}"
EndProject
Project("{9A19103F-16F7-4668-BE54-9A1E7A4F7556}") = "AmitalCloud.Shipment.Web", "AmitalCloud.Shipment.Web\AmitalCloud.Shipment.Web.csproj", "{F6EE81A5-D9B0-4A17-BFFD-C70998660435}"
EndProject
Project("{FAE04EC0-301F-11D3-BF4B-00C04F79EFBC}") = "AmitalCloud.AutoGeneratedTemplates.Core", "AmitalCloud.AutoGeneratedTemplates\AmitalCloud.AutoGeneratedTemplates.Core.csproj", "{2D40BF76-2863-428D-87B4-1AE81FB94ADE}"
EndProject
Project("{9A19103F-16F7-4668-BE54-9A1E7A4F7556}") = "AmitalCloud.Infrastructure.UnitTest", "AmitalCloud.Infrastructure.UnitTest\AmitalCloud.Infrastructure.UnitTest.csproj", "{A8FF0CD6-D4B3-4021-8830-B568C170A7C6}"
EndProject
Project("{9A19103F-16F7-4668-BE54-9A1E7A4F7556}") = "AmitalCloud.MUpdater", "AmitalCloud.MUpdater\AmitalCloud.MUpdater.csproj", "{3DD3B304-45C3-FFF4-F6C5-1350B7987C0B}"
EndProject
Project("{2150E333-8FDC-42A3-9474-1A3956D46DE8}") = "MUpdater", "MUpdater", "{02EA681E-C7D8-13C7-8484-4AC65E1B71E8}"
EndProject
Project("{9A19103F-16F7-4668-BE54-9A1E7A4F7556}") = "AmitalCloud.Infrastructure.MUpdater.Data", "AmitalCloud.Infrastructure.MUpdater.Data\AmitalCloud.Infrastructure.MUpdater.Data.csproj", "{8222EAC1-3CAD-41DF-8839-A1CD257A793A}"
EndProject
Project("{FAE04EC0-301F-11D3-BF4B-00C04F79EFBC}") = "AmitalCloud.AutoGenerated", "AmitalCloud.AutoGenerated\AmitalCloud.AutoGenerated.csproj", "{5F918713-FF48-4BB7-8846-D8DB955013E9}"
EndProject
Project("{FAE04EC0-301F-11D3-BF4B-00C04F79EFBC}") = "AmitalCloud.Infrastructure.Shared", "AmitalCloud.Infrastructure.Shared\AmitalCloud.Infrastructure.Shared.csproj", "{7C4D0BBE-E374-4B43-9AD2-65873D25AD64}"
EndProject
Global
	GlobalSection(SolutionConfigurationPlatforms) = preSolution
		All Projects|Any CPU = All Projects|Any CPU
		All Projects|x64 = All Projects|x64
		Debug|Any CPU = Debug|Any CPU
		Debug|x64 = Debug|x64
		None|Any CPU = None|Any CPU
		None|x64 = None|x64
		Release|Any CPU = Release|Any CPU
		Release|x64 = Release|x64
	EndGlobalSection
	GlobalSection(ProjectConfigurationPlatforms) = postSolution
		{A4019BD8-1CCB-4218-B57F-881303DC17A5}.All Projects|Any CPU.ActiveCfg = Debug|Any CPU
		{A4019BD8-1CCB-4218-B57F-881303DC17A5}.All Projects|Any CPU.Build.0 = Debug|Any CPU
		{A4019BD8-1CCB-4218-B57F-881303DC17A5}.All Projects|x64.ActiveCfg = Release|Any CPU
		{A4019BD8-1CCB-4218-B57F-881303DC17A5}.All Projects|x64.Build.0 = Release|Any CPU
		{A4019BD8-1CCB-4218-B57F-881303DC17A5}.Debug|Any CPU.ActiveCfg = Debug|Any CPU
		{A4019BD8-1CCB-4218-B57F-881303DC17A5}.Debug|Any CPU.Build.0 = Debug|Any CPU
		{A4019BD8-1CCB-4218-B57F-881303DC17A5}.Debug|x64.ActiveCfg = Debug|Any CPU
		{A4019BD8-1CCB-4218-B57F-881303DC17A5}.Debug|x64.Build.0 = Debug|Any CPU
		{A4019BD8-1CCB-4218-B57F-881303DC17A5}.None|Any CPU.ActiveCfg = Debug|Any CPU
		{A4019BD8-1CCB-4218-B57F-881303DC17A5}.None|Any CPU.Build.0 = Debug|Any CPU
		{A4019BD8-1CCB-4218-B57F-881303DC17A5}.None|x64.ActiveCfg = Release|Any CPU
		{A4019BD8-1CCB-4218-B57F-881303DC17A5}.None|x64.Build.0 = Release|Any CPU
		{A4019BD8-1CCB-4218-B57F-881303DC17A5}.Release|Any CPU.ActiveCfg = Release|Any CPU
		{A4019BD8-1CCB-4218-B57F-881303DC17A5}.Release|Any CPU.Build.0 = Release|Any CPU
		{A4019BD8-1CCB-4218-B57F-881303DC17A5}.Release|x64.ActiveCfg = Release|Any CPU
		{A4019BD8-1CCB-4218-B57F-881303DC17A5}.Release|x64.Build.0 = Release|Any CPU
		{6F037C25-1186-4928-AE95-E101D5BEE259}.All Projects|Any CPU.ActiveCfg = Debug|Any CPU
		{6F037C25-1186-4928-AE95-E101D5BEE259}.All Projects|Any CPU.Build.0 = Debug|Any CPU
		{6F037C25-1186-4928-AE95-E101D5BEE259}.All Projects|x64.ActiveCfg = Release|Any CPU
		{6F037C25-1186-4928-AE95-E101D5BEE259}.All Projects|x64.Build.0 = Release|Any CPU
		{6F037C25-1186-4928-AE95-E101D5BEE259}.Debug|Any CPU.ActiveCfg = Debug|Any CPU
		{6F037C25-1186-4928-AE95-E101D5BEE259}.Debug|Any CPU.Build.0 = Debug|Any CPU
		{6F037C25-1186-4928-AE95-E101D5BEE259}.Debug|x64.ActiveCfg = Debug|Any CPU
		{6F037C25-1186-4928-AE95-E101D5BEE259}.Debug|x64.Build.0 = Debug|Any CPU
		{6F037C25-1186-4928-AE95-E101D5BEE259}.None|Any CPU.ActiveCfg = Debug|Any CPU
		{6F037C25-1186-4928-AE95-E101D5BEE259}.None|Any CPU.Build.0 = Debug|Any CPU
		{6F037C25-1186-4928-AE95-E101D5BEE259}.None|x64.ActiveCfg = Release|Any CPU
		{6F037C25-1186-4928-AE95-E101D5BEE259}.None|x64.Build.0 = Release|Any CPU
		{6F037C25-1186-4928-AE95-E101D5BEE259}.Release|Any CPU.ActiveCfg = Release|Any CPU
		{6F037C25-1186-4928-AE95-E101D5BEE259}.Release|Any CPU.Build.0 = Release|Any CPU
		{6F037C25-1186-4928-AE95-E101D5BEE259}.Release|x64.ActiveCfg = Release|Any CPU
		{6F037C25-1186-4928-AE95-E101D5BEE259}.Release|x64.Build.0 = Release|Any CPU
		{2C5203F0-F45C-46F6-86F7-62683152D845}.All Projects|Any CPU.ActiveCfg = Debug|Any CPU
		{2C5203F0-F45C-46F6-86F7-62683152D845}.All Projects|Any CPU.Build.0 = Debug|Any CPU
		{2C5203F0-F45C-46F6-86F7-62683152D845}.All Projects|x64.ActiveCfg = Release|Any CPU
		{2C5203F0-F45C-46F6-86F7-62683152D845}.All Projects|x64.Build.0 = Release|Any CPU
		{2C5203F0-F45C-46F6-86F7-62683152D845}.Debug|Any CPU.ActiveCfg = Debug|Any CPU
		{2C5203F0-F45C-46F6-86F7-62683152D845}.Debug|Any CPU.Build.0 = Debug|Any CPU
		{2C5203F0-F45C-46F6-86F7-62683152D845}.Debug|x64.ActiveCfg = Debug|Any CPU
		{2C5203F0-F45C-46F6-86F7-62683152D845}.Debug|x64.Build.0 = Debug|Any CPU
		{2C5203F0-F45C-46F6-86F7-62683152D845}.None|Any CPU.ActiveCfg = Debug|Any CPU
		{2C5203F0-F45C-46F6-86F7-62683152D845}.None|Any CPU.Build.0 = Debug|Any CPU
		{2C5203F0-F45C-46F6-86F7-62683152D845}.None|x64.ActiveCfg = Release|Any CPU
		{2C5203F0-F45C-46F6-86F7-62683152D845}.None|x64.Build.0 = Release|Any CPU
		{2C5203F0-F45C-46F6-86F7-62683152D845}.Release|Any CPU.ActiveCfg = Release|Any CPU
		{2C5203F0-F45C-46F6-86F7-62683152D845}.Release|Any CPU.Build.0 = Release|Any CPU
		{2C5203F0-F45C-46F6-86F7-62683152D845}.Release|x64.ActiveCfg = Release|Any CPU
		{2C5203F0-F45C-46F6-86F7-62683152D845}.Release|x64.Build.0 = Release|Any CPU
		{C9B43241-CA0A-4367-8607-FFDBFBE5BA9D}.All Projects|Any CPU.ActiveCfg = Debug|Any CPU
		{C9B43241-CA0A-4367-8607-FFDBFBE5BA9D}.All Projects|Any CPU.Build.0 = Debug|Any CPU
		{C9B43241-CA0A-4367-8607-FFDBFBE5BA9D}.All Projects|x64.ActiveCfg = Release|Any CPU
		{C9B43241-CA0A-4367-8607-FFDBFBE5BA9D}.All Projects|x64.Build.0 = Release|Any CPU
		{C9B43241-CA0A-4367-8607-FFDBFBE5BA9D}.Debug|Any CPU.ActiveCfg = Debug|Any CPU
		{C9B43241-CA0A-4367-8607-FFDBFBE5BA9D}.Debug|Any CPU.Build.0 = Debug|Any CPU
		{C9B43241-CA0A-4367-8607-FFDBFBE5BA9D}.Debug|x64.ActiveCfg = Debug|Any CPU
		{C9B43241-CA0A-4367-8607-FFDBFBE5BA9D}.Debug|x64.Build.0 = Debug|Any CPU
		{C9B43241-CA0A-4367-8607-FFDBFBE5BA9D}.None|Any CPU.ActiveCfg = Debug|Any CPU
		{C9B43241-CA0A-4367-8607-FFDBFBE5BA9D}.None|Any CPU.Build.0 = Debug|Any CPU
		{C9B43241-CA0A-4367-8607-FFDBFBE5BA9D}.None|x64.ActiveCfg = Release|Any CPU
		{C9B43241-CA0A-4367-8607-FFDBFBE5BA9D}.None|x64.Build.0 = Release|Any CPU
		{C9B43241-CA0A-4367-8607-FFDBFBE5BA9D}.Release|Any CPU.ActiveCfg = Release|Any CPU
		{C9B43241-CA0A-4367-8607-FFDBFBE5BA9D}.Release|Any CPU.Build.0 = Release|Any CPU
		{C9B43241-CA0A-4367-8607-FFDBFBE5BA9D}.Release|x64.ActiveCfg = Release|Any CPU
		{C9B43241-CA0A-4367-8607-FFDBFBE5BA9D}.Release|x64.Build.0 = Release|Any CPU
		{38BBE7CB-4798-439D-9403-E39A5746B85E}.All Projects|Any CPU.ActiveCfg = Debug|Any CPU
		{38BBE7CB-4798-439D-9403-E39A5746B85E}.All Projects|Any CPU.Build.0 = Debug|Any CPU
		{38BBE7CB-4798-439D-9403-E39A5746B85E}.All Projects|x64.ActiveCfg = Release|Any CPU
		{38BBE7CB-4798-439D-9403-E39A5746B85E}.All Projects|x64.Build.0 = Release|Any CPU
		{38BBE7CB-4798-439D-9403-E39A5746B85E}.Debug|Any CPU.ActiveCfg = Debug|Any CPU
		{38BBE7CB-4798-439D-9403-E39A5746B85E}.Debug|Any CPU.Build.0 = Debug|Any CPU
		{38BBE7CB-4798-439D-9403-E39A5746B85E}.Debug|x64.ActiveCfg = Debug|Any CPU
		{38BBE7CB-4798-439D-9403-E39A5746B85E}.Debug|x64.Build.0 = Debug|Any CPU
		{38BBE7CB-4798-439D-9403-E39A5746B85E}.None|Any CPU.ActiveCfg = Debug|Any CPU
		{38BBE7CB-4798-439D-9403-E39A5746B85E}.None|Any CPU.Build.0 = Debug|Any CPU
		{38BBE7CB-4798-439D-9403-E39A5746B85E}.None|x64.ActiveCfg = Release|Any CPU
		{38BBE7CB-4798-439D-9403-E39A5746B85E}.None|x64.Build.0 = Release|Any CPU
		{38BBE7CB-4798-439D-9403-E39A5746B85E}.Release|Any CPU.ActiveCfg = Release|Any CPU
		{38BBE7CB-4798-439D-9403-E39A5746B85E}.Release|Any CPU.Build.0 = Release|Any CPU
		{38BBE7CB-4798-439D-9403-E39A5746B85E}.Release|x64.ActiveCfg = Release|Any CPU
		{38BBE7CB-4798-439D-9403-E39A5746B85E}.Release|x64.Build.0 = Release|Any CPU
		{A8735E5D-E4DC-4159-931F-B50FC9317EC0}.All Projects|Any CPU.ActiveCfg = Debug|Any CPU
		{A8735E5D-E4DC-4159-931F-B50FC9317EC0}.All Projects|Any CPU.Build.0 = Debug|Any CPU
		{A8735E5D-E4DC-4159-931F-B50FC9317EC0}.All Projects|x64.ActiveCfg = Release|Any CPU
		{A8735E5D-E4DC-4159-931F-B50FC9317EC0}.All Projects|x64.Build.0 = Release|Any CPU
		{A8735E5D-E4DC-4159-931F-B50FC9317EC0}.Debug|Any CPU.ActiveCfg = Debug|Any CPU
		{A8735E5D-E4DC-4159-931F-B50FC9317EC0}.Debug|Any CPU.Build.0 = Debug|Any CPU
		{A8735E5D-E4DC-4159-931F-B50FC9317EC0}.Debug|x64.ActiveCfg = Debug|Any CPU
		{A8735E5D-E4DC-4159-931F-B50FC9317EC0}.Debug|x64.Build.0 = Debug|Any CPU
		{A8735E5D-E4DC-4159-931F-B50FC9317EC0}.None|Any CPU.ActiveCfg = Debug|Any CPU
		{A8735E5D-E4DC-4159-931F-B50FC9317EC0}.None|Any CPU.Build.0 = Debug|Any CPU
		{A8735E5D-E4DC-4159-931F-B50FC9317EC0}.None|x64.ActiveCfg = Release|Any CPU
		{A8735E5D-E4DC-4159-931F-B50FC9317EC0}.None|x64.Build.0 = Release|Any CPU
		{A8735E5D-E4DC-4159-931F-B50FC9317EC0}.Release|Any CPU.ActiveCfg = Release|Any CPU
		{A8735E5D-E4DC-4159-931F-B50FC9317EC0}.Release|Any CPU.Build.0 = Release|Any CPU
		{A8735E5D-E4DC-4159-931F-B50FC9317EC0}.Release|x64.ActiveCfg = Release|Any CPU
		{A8735E5D-E4DC-4159-931F-B50FC9317EC0}.Release|x64.Build.0 = Release|Any CPU
		{EEEA49D1-9700-4A17-88E0-DFA9BE637FA8}.All Projects|Any CPU.ActiveCfg = Debug|Any CPU
		{EEEA49D1-9700-4A17-88E0-DFA9BE637FA8}.All Projects|Any CPU.Build.0 = Debug|Any CPU
		{EEEA49D1-9700-4A17-88E0-DFA9BE637FA8}.All Projects|x64.ActiveCfg = Release|Any CPU
		{EEEA49D1-9700-4A17-88E0-DFA9BE637FA8}.All Projects|x64.Build.0 = Release|Any CPU
		{EEEA49D1-9700-4A17-88E0-DFA9BE637FA8}.Debug|Any CPU.ActiveCfg = Debug|Any CPU
		{EEEA49D1-9700-4A17-88E0-DFA9BE637FA8}.Debug|Any CPU.Build.0 = Debug|Any CPU
		{EEEA49D1-9700-4A17-88E0-DFA9BE637FA8}.Debug|x64.ActiveCfg = Debug|Any CPU
		{EEEA49D1-9700-4A17-88E0-DFA9BE637FA8}.Debug|x64.Build.0 = Debug|Any CPU
		{EEEA49D1-9700-4A17-88E0-DFA9BE637FA8}.None|Any CPU.ActiveCfg = Debug|Any CPU
		{EEEA49D1-9700-4A17-88E0-DFA9BE637FA8}.None|Any CPU.Build.0 = Debug|Any CPU
		{EEEA49D1-9700-4A17-88E0-DFA9BE637FA8}.None|x64.ActiveCfg = Release|Any CPU
		{EEEA49D1-9700-4A17-88E0-DFA9BE637FA8}.None|x64.Build.0 = Release|Any CPU
		{EEEA49D1-9700-4A17-88E0-DFA9BE637FA8}.Release|Any CPU.ActiveCfg = Release|Any CPU
		{EEEA49D1-9700-4A17-88E0-DFA9BE637FA8}.Release|Any CPU.Build.0 = Release|Any CPU
		{EEEA49D1-9700-4A17-88E0-DFA9BE637FA8}.Release|x64.ActiveCfg = Release|Any CPU
		{EEEA49D1-9700-4A17-88E0-DFA9BE637FA8}.Release|x64.Build.0 = Release|Any CPU
		{8D200EF2-E7CC-4CE1-A9C3-1C75642475A3}.All Projects|Any CPU.ActiveCfg = Debug|Any CPU
		{8D200EF2-E7CC-4CE1-A9C3-1C75642475A3}.All Projects|Any CPU.Build.0 = Debug|Any CPU
		{8D200EF2-E7CC-4CE1-A9C3-1C75642475A3}.All Projects|x64.ActiveCfg = Release|Any CPU
		{8D200EF2-E7CC-4CE1-A9C3-1C75642475A3}.All Projects|x64.Build.0 = Release|Any CPU
		{8D200EF2-E7CC-4CE1-A9C3-1C75642475A3}.Debug|Any CPU.ActiveCfg = Debug|Any CPU
		{8D200EF2-E7CC-4CE1-A9C3-1C75642475A3}.Debug|Any CPU.Build.0 = Debug|Any CPU
		{8D200EF2-E7CC-4CE1-A9C3-1C75642475A3}.Debug|x64.ActiveCfg = Debug|Any CPU
		{8D200EF2-E7CC-4CE1-A9C3-1C75642475A3}.Debug|x64.Build.0 = Debug|Any CPU
		{8D200EF2-E7CC-4CE1-A9C3-1C75642475A3}.None|Any CPU.ActiveCfg = Debug|Any CPU
		{8D200EF2-E7CC-4CE1-A9C3-1C75642475A3}.None|Any CPU.Build.0 = Debug|Any CPU
		{8D200EF2-E7CC-4CE1-A9C3-1C75642475A3}.None|x64.ActiveCfg = Release|Any CPU
		{8D200EF2-E7CC-4CE1-A9C3-1C75642475A3}.None|x64.Build.0 = Release|Any CPU
		{8D200EF2-E7CC-4CE1-A9C3-1C75642475A3}.Release|Any CPU.ActiveCfg = Release|Any CPU
		{8D200EF2-E7CC-4CE1-A9C3-1C75642475A3}.Release|Any CPU.Build.0 = Release|Any CPU
		{8D200EF2-E7CC-4CE1-A9C3-1C75642475A3}.Release|x64.ActiveCfg = Release|Any CPU
		{8D200EF2-E7CC-4CE1-A9C3-1C75642475A3}.Release|x64.Build.0 = Release|Any CPU
		{B6DC6194-D538-48A1-9ADE-E074751F44B8}.All Projects|Any CPU.ActiveCfg = Debug|Any CPU
		{B6DC6194-D538-48A1-9ADE-E074751F44B8}.All Projects|Any CPU.Build.0 = Debug|Any CPU
		{B6DC6194-D538-48A1-9ADE-E074751F44B8}.All Projects|x64.ActiveCfg = Release|Any CPU
		{B6DC6194-D538-48A1-9ADE-E074751F44B8}.All Projects|x64.Build.0 = Release|Any CPU
		{B6DC6194-D538-48A1-9ADE-E074751F44B8}.Debug|Any CPU.ActiveCfg = Debug|Any CPU
		{B6DC6194-D538-48A1-9ADE-E074751F44B8}.Debug|Any CPU.Build.0 = Debug|Any CPU
		{B6DC6194-D538-48A1-9ADE-E074751F44B8}.Debug|x64.ActiveCfg = Debug|Any CPU
		{B6DC6194-D538-48A1-9ADE-E074751F44B8}.Debug|x64.Build.0 = Debug|Any CPU
		{B6DC6194-D538-48A1-9ADE-E074751F44B8}.None|Any CPU.ActiveCfg = Debug|Any CPU
		{B6DC6194-D538-48A1-9ADE-E074751F44B8}.None|Any CPU.Build.0 = Debug|Any CPU
		{B6DC6194-D538-48A1-9ADE-E074751F44B8}.None|x64.ActiveCfg = Release|Any CPU
		{B6DC6194-D538-48A1-9ADE-E074751F44B8}.None|x64.Build.0 = Release|Any CPU
		{B6DC6194-D538-48A1-9ADE-E074751F44B8}.Release|Any CPU.ActiveCfg = Release|Any CPU
		{B6DC6194-D538-48A1-9ADE-E074751F44B8}.Release|Any CPU.Build.0 = Release|Any CPU
		{B6DC6194-D538-48A1-9ADE-E074751F44B8}.Release|x64.ActiveCfg = Release|Any CPU
		{B6DC6194-D538-48A1-9ADE-E074751F44B8}.Release|x64.Build.0 = Release|Any CPU
		{98ED3732-3CCD-4D61-84E8-67FC1F7818CF}.All Projects|Any CPU.ActiveCfg = Debug|Any CPU
		{98ED3732-3CCD-4D61-84E8-67FC1F7818CF}.All Projects|Any CPU.Build.0 = Debug|Any CPU
		{98ED3732-3CCD-4D61-84E8-67FC1F7818CF}.All Projects|x64.ActiveCfg = Release|Any CPU
		{98ED3732-3CCD-4D61-84E8-67FC1F7818CF}.All Projects|x64.Build.0 = Release|Any CPU
		{98ED3732-3CCD-4D61-84E8-67FC1F7818CF}.Debug|Any CPU.ActiveCfg = Debug|Any CPU
		{98ED3732-3CCD-4D61-84E8-67FC1F7818CF}.Debug|Any CPU.Build.0 = Debug|Any CPU
		{98ED3732-3CCD-4D61-84E8-67FC1F7818CF}.Debug|x64.ActiveCfg = Debug|Any CPU
		{98ED3732-3CCD-4D61-84E8-67FC1F7818CF}.Debug|x64.Build.0 = Debug|Any CPU
		{98ED3732-3CCD-4D61-84E8-67FC1F7818CF}.None|Any CPU.ActiveCfg = Debug|Any CPU
		{98ED3732-3CCD-4D61-84E8-67FC1F7818CF}.None|Any CPU.Build.0 = Debug|Any CPU
		{98ED3732-3CCD-4D61-84E8-67FC1F7818CF}.None|x64.ActiveCfg = Release|Any CPU
		{98ED3732-3CCD-4D61-84E8-67FC1F7818CF}.None|x64.Build.0 = Release|Any CPU
		{98ED3732-3CCD-4D61-84E8-67FC1F7818CF}.Release|Any CPU.ActiveCfg = Release|Any CPU
		{98ED3732-3CCD-4D61-84E8-67FC1F7818CF}.Release|Any CPU.Build.0 = Release|Any CPU
		{98ED3732-3CCD-4D61-84E8-67FC1F7818CF}.Release|x64.ActiveCfg = Release|Any CPU
		{98ED3732-3CCD-4D61-84E8-67FC1F7818CF}.Release|x64.Build.0 = Release|Any CPU
		{F980295F-03D8-417F-B0F3-8264F93713E7}.All Projects|Any CPU.ActiveCfg = Debug|Any CPU
		{F980295F-03D8-417F-B0F3-8264F93713E7}.All Projects|Any CPU.Build.0 = Debug|Any CPU
		{F980295F-03D8-417F-B0F3-8264F93713E7}.All Projects|x64.ActiveCfg = Release|Any CPU
		{F980295F-03D8-417F-B0F3-8264F93713E7}.All Projects|x64.Build.0 = Release|Any CPU
		{F980295F-03D8-417F-B0F3-8264F93713E7}.Debug|Any CPU.ActiveCfg = Debug|Any CPU
		{F980295F-03D8-417F-B0F3-8264F93713E7}.Debug|Any CPU.Build.0 = Debug|Any CPU
		{F980295F-03D8-417F-B0F3-8264F93713E7}.Debug|x64.ActiveCfg = Debug|Any CPU
		{F980295F-03D8-417F-B0F3-8264F93713E7}.Debug|x64.Build.0 = Debug|Any CPU
		{F980295F-03D8-417F-B0F3-8264F93713E7}.None|Any CPU.ActiveCfg = Debug|Any CPU
		{F980295F-03D8-417F-B0F3-8264F93713E7}.None|Any CPU.Build.0 = Debug|Any CPU
		{F980295F-03D8-417F-B0F3-8264F93713E7}.None|x64.ActiveCfg = Release|Any CPU
		{F980295F-03D8-417F-B0F3-8264F93713E7}.None|x64.Build.0 = Release|Any CPU
		{F980295F-03D8-417F-B0F3-8264F93713E7}.Release|Any CPU.ActiveCfg = Release|Any CPU
		{F980295F-03D8-417F-B0F3-8264F93713E7}.Release|Any CPU.Build.0 = Release|Any CPU
		{F980295F-03D8-417F-B0F3-8264F93713E7}.Release|x64.ActiveCfg = Release|Any CPU
		{F980295F-03D8-417F-B0F3-8264F93713E7}.Release|x64.Build.0 = Release|Any CPU
		{FDCD3FEF-A865-4F1B-91CC-27210D5F74B2}.All Projects|Any CPU.ActiveCfg = Debug|Any CPU
		{FDCD3FEF-A865-4F1B-91CC-27210D5F74B2}.All Projects|Any CPU.Build.0 = Debug|Any CPU
		{FDCD3FEF-A865-4F1B-91CC-27210D5F74B2}.All Projects|x64.ActiveCfg = Release|Any CPU
		{FDCD3FEF-A865-4F1B-91CC-27210D5F74B2}.All Projects|x64.Build.0 = Release|Any CPU
		{FDCD3FEF-A865-4F1B-91CC-27210D5F74B2}.Debug|Any CPU.ActiveCfg = Debug|Any CPU
		{FDCD3FEF-A865-4F1B-91CC-27210D5F74B2}.Debug|Any CPU.Build.0 = Debug|Any CPU
		{FDCD3FEF-A865-4F1B-91CC-27210D5F74B2}.Debug|x64.ActiveCfg = Debug|Any CPU
		{FDCD3FEF-A865-4F1B-91CC-27210D5F74B2}.Debug|x64.Build.0 = Debug|Any CPU
		{FDCD3FEF-A865-4F1B-91CC-27210D5F74B2}.None|Any CPU.ActiveCfg = Debug|Any CPU
		{FDCD3FEF-A865-4F1B-91CC-27210D5F74B2}.None|Any CPU.Build.0 = Debug|Any CPU
		{FDCD3FEF-A865-4F1B-91CC-27210D5F74B2}.None|x64.ActiveCfg = Release|Any CPU
		{FDCD3FEF-A865-4F1B-91CC-27210D5F74B2}.None|x64.Build.0 = Release|Any CPU
		{FDCD3FEF-A865-4F1B-91CC-27210D5F74B2}.Release|Any CPU.ActiveCfg = Release|Any CPU
		{FDCD3FEF-A865-4F1B-91CC-27210D5F74B2}.Release|Any CPU.Build.0 = Release|Any CPU
		{FDCD3FEF-A865-4F1B-91CC-27210D5F74B2}.Release|x64.ActiveCfg = Release|Any CPU
		{FDCD3FEF-A865-4F1B-91CC-27210D5F74B2}.Release|x64.Build.0 = Release|Any CPU
		{C62BFE0A-3681-4A85-981C-57E631306CAA}.All Projects|Any CPU.ActiveCfg = Debug|Any CPU
		{C62BFE0A-3681-4A85-981C-57E631306CAA}.All Projects|Any CPU.Build.0 = Debug|Any CPU
		{C62BFE0A-3681-4A85-981C-57E631306CAA}.All Projects|x64.ActiveCfg = Release|Any CPU
		{C62BFE0A-3681-4A85-981C-57E631306CAA}.All Projects|x64.Build.0 = Release|Any CPU
		{C62BFE0A-3681-4A85-981C-57E631306CAA}.Debug|Any CPU.ActiveCfg = Debug|Any CPU
		{C62BFE0A-3681-4A85-981C-57E631306CAA}.Debug|Any CPU.Build.0 = Debug|Any CPU
		{C62BFE0A-3681-4A85-981C-57E631306CAA}.Debug|x64.ActiveCfg = Debug|Any CPU
		{C62BFE0A-3681-4A85-981C-57E631306CAA}.Debug|x64.Build.0 = Debug|Any CPU
		{C62BFE0A-3681-4A85-981C-57E631306CAA}.None|Any CPU.ActiveCfg = Debug|Any CPU
		{C62BFE0A-3681-4A85-981C-57E631306CAA}.None|Any CPU.Build.0 = Debug|Any CPU
		{C62BFE0A-3681-4A85-981C-57E631306CAA}.None|x64.ActiveCfg = Release|Any CPU
		{C62BFE0A-3681-4A85-981C-57E631306CAA}.None|x64.Build.0 = Release|Any CPU
		{C62BFE0A-3681-4A85-981C-57E631306CAA}.Release|Any CPU.ActiveCfg = Release|Any CPU
		{C62BFE0A-3681-4A85-981C-57E631306CAA}.Release|Any CPU.Build.0 = Release|Any CPU
		{C62BFE0A-3681-4A85-981C-57E631306CAA}.Release|x64.ActiveCfg = Release|Any CPU
		{C62BFE0A-3681-4A85-981C-57E631306CAA}.Release|x64.Build.0 = Release|Any CPU
		{E75F0EE3-4C0C-4329-BC3B-5F7191BF5915}.All Projects|Any CPU.ActiveCfg = Debug|Any CPU
		{E75F0EE3-4C0C-4329-BC3B-5F7191BF5915}.All Projects|Any CPU.Build.0 = Debug|Any CPU
		{E75F0EE3-4C0C-4329-BC3B-5F7191BF5915}.All Projects|x64.ActiveCfg = Release|Any CPU
		{E75F0EE3-4C0C-4329-BC3B-5F7191BF5915}.All Projects|x64.Build.0 = Release|Any CPU
		{E75F0EE3-4C0C-4329-BC3B-5F7191BF5915}.Debug|Any CPU.ActiveCfg = Debug|Any CPU
		{E75F0EE3-4C0C-4329-BC3B-5F7191BF5915}.Debug|Any CPU.Build.0 = Debug|Any CPU
		{E75F0EE3-4C0C-4329-BC3B-5F7191BF5915}.Debug|x64.ActiveCfg = Debug|Any CPU
		{E75F0EE3-4C0C-4329-BC3B-5F7191BF5915}.Debug|x64.Build.0 = Debug|Any CPU
		{E75F0EE3-4C0C-4329-BC3B-5F7191BF5915}.None|Any CPU.ActiveCfg = Debug|Any CPU
		{E75F0EE3-4C0C-4329-BC3B-5F7191BF5915}.None|Any CPU.Build.0 = Debug|Any CPU
		{E75F0EE3-4C0C-4329-BC3B-5F7191BF5915}.None|x64.ActiveCfg = Release|Any CPU
		{E75F0EE3-4C0C-4329-BC3B-5F7191BF5915}.None|x64.Build.0 = Release|Any CPU
		{E75F0EE3-4C0C-4329-BC3B-5F7191BF5915}.Release|Any CPU.ActiveCfg = Release|Any CPU
		{E75F0EE3-4C0C-4329-BC3B-5F7191BF5915}.Release|Any CPU.Build.0 = Release|Any CPU
		{E75F0EE3-4C0C-4329-BC3B-5F7191BF5915}.Release|x64.ActiveCfg = Release|Any CPU
		{E75F0EE3-4C0C-4329-BC3B-5F7191BF5915}.Release|x64.Build.0 = Release|Any CPU
		{F9FA2E43-87DC-460E-9E8D-2EFC489FA350}.All Projects|Any CPU.ActiveCfg = Debug|Any CPU
		{F9FA2E43-87DC-460E-9E8D-2EFC489FA350}.All Projects|Any CPU.Build.0 = Debug|Any CPU
		{F9FA2E43-87DC-460E-9E8D-2EFC489FA350}.All Projects|x64.ActiveCfg = Release|Any CPU
		{F9FA2E43-87DC-460E-9E8D-2EFC489FA350}.All Projects|x64.Build.0 = Release|Any CPU
		{F9FA2E43-87DC-460E-9E8D-2EFC489FA350}.Debug|Any CPU.ActiveCfg = Debug|Any CPU
		{F9FA2E43-87DC-460E-9E8D-2EFC489FA350}.Debug|Any CPU.Build.0 = Debug|Any CPU
		{F9FA2E43-87DC-460E-9E8D-2EFC489FA350}.Debug|x64.ActiveCfg = Debug|Any CPU
		{F9FA2E43-87DC-460E-9E8D-2EFC489FA350}.Debug|x64.Build.0 = Debug|Any CPU
		{F9FA2E43-87DC-460E-9E8D-2EFC489FA350}.None|Any CPU.ActiveCfg = Debug|Any CPU
		{F9FA2E43-87DC-460E-9E8D-2EFC489FA350}.None|Any CPU.Build.0 = Debug|Any CPU
		{F9FA2E43-87DC-460E-9E8D-2EFC489FA350}.None|x64.ActiveCfg = Release|Any CPU
		{F9FA2E43-87DC-460E-9E8D-2EFC489FA350}.None|x64.Build.0 = Release|Any CPU
		{F9FA2E43-87DC-460E-9E8D-2EFC489FA350}.Release|Any CPU.ActiveCfg = Release|Any CPU
		{F9FA2E43-87DC-460E-9E8D-2EFC489FA350}.Release|Any CPU.Build.0 = Release|Any CPU
		{F9FA2E43-87DC-460E-9E8D-2EFC489FA350}.Release|x64.ActiveCfg = Release|Any CPU
		{F9FA2E43-87DC-460E-9E8D-2EFC489FA350}.Release|x64.Build.0 = Release|Any CPU
		{F6EE81A5-D9B0-4A17-BFFD-C70998660435}.All Projects|Any CPU.ActiveCfg = Debug|Any CPU
		{F6EE81A5-D9B0-4A17-BFFD-C70998660435}.All Projects|Any CPU.Build.0 = Debug|Any CPU
		{F6EE81A5-D9B0-4A17-BFFD-C70998660435}.All Projects|x64.ActiveCfg = Release|Any CPU
		{F6EE81A5-D9B0-4A17-BFFD-C70998660435}.All Projects|x64.Build.0 = Release|Any CPU
		{F6EE81A5-D9B0-4A17-BFFD-C70998660435}.Debug|Any CPU.ActiveCfg = Debug|Any CPU
		{F6EE81A5-D9B0-4A17-BFFD-C70998660435}.Debug|Any CPU.Build.0 = Debug|Any CPU
		{F6EE81A5-D9B0-4A17-BFFD-C70998660435}.Debug|x64.ActiveCfg = Debug|Any CPU
		{F6EE81A5-D9B0-4A17-BFFD-C70998660435}.Debug|x64.Build.0 = Debug|Any CPU
		{F6EE81A5-D9B0-4A17-BFFD-C70998660435}.None|Any CPU.ActiveCfg = Debug|Any CPU
		{F6EE81A5-D9B0-4A17-BFFD-C70998660435}.None|Any CPU.Build.0 = Debug|Any CPU
		{F6EE81A5-D9B0-4A17-BFFD-C70998660435}.None|x64.ActiveCfg = Release|Any CPU
		{F6EE81A5-D9B0-4A17-BFFD-C70998660435}.None|x64.Build.0 = Release|Any CPU
		{F6EE81A5-D9B0-4A17-BFFD-C70998660435}.Release|Any CPU.ActiveCfg = Release|Any CPU
		{F6EE81A5-D9B0-4A17-BFFD-C70998660435}.Release|Any CPU.Build.0 = Release|Any CPU
		{F6EE81A5-D9B0-4A17-BFFD-C70998660435}.Release|x64.ActiveCfg = Release|Any CPU
		{F6EE81A5-D9B0-4A17-BFFD-C70998660435}.Release|x64.Build.0 = Release|Any CPU
		{2D40BF76-2863-428D-87B4-1AE81FB94ADE}.All Projects|Any CPU.ActiveCfg = Debug|Any CPU
		{2D40BF76-2863-428D-87B4-1AE81FB94ADE}.All Projects|Any CPU.Build.0 = Debug|Any CPU
		{2D40BF76-2863-428D-87B4-1AE81FB94ADE}.All Projects|x64.ActiveCfg = Release|Any CPU
		{2D40BF76-2863-428D-87B4-1AE81FB94ADE}.All Projects|x64.Build.0 = Release|Any CPU
		{2D40BF76-2863-428D-87B4-1AE81FB94ADE}.Debug|Any CPU.ActiveCfg = Debug|Any CPU
		{2D40BF76-2863-428D-87B4-1AE81FB94ADE}.Debug|Any CPU.Build.0 = Debug|Any CPU
		{2D40BF76-2863-428D-87B4-1AE81FB94ADE}.Debug|x64.ActiveCfg = Debug|Any CPU
		{2D40BF76-2863-428D-87B4-1AE81FB94ADE}.Debug|x64.Build.0 = Debug|Any CPU
		{2D40BF76-2863-428D-87B4-1AE81FB94ADE}.None|Any CPU.ActiveCfg = Debug|Any CPU
		{2D40BF76-2863-428D-87B4-1AE81FB94ADE}.None|Any CPU.Build.0 = Debug|Any CPU
		{2D40BF76-2863-428D-87B4-1AE81FB94ADE}.None|x64.ActiveCfg = Release|Any CPU
		{2D40BF76-2863-428D-87B4-1AE81FB94ADE}.None|x64.Build.0 = Release|Any CPU
		{2D40BF76-2863-428D-87B4-1AE81FB94ADE}.Release|Any CPU.ActiveCfg = Release|Any CPU
		{2D40BF76-2863-428D-87B4-1AE81FB94ADE}.Release|Any CPU.Build.0 = Release|Any CPU
		{2D40BF76-2863-428D-87B4-1AE81FB94ADE}.Release|x64.ActiveCfg = Release|Any CPU
		{2D40BF76-2863-428D-87B4-1AE81FB94ADE}.Release|x64.Build.0 = Release|Any CPU
		{A8FF0CD6-D4B3-4021-8830-B568C170A7C6}.All Projects|Any CPU.ActiveCfg = Debug|Any CPU
		{A8FF0CD6-D4B3-4021-8830-B568C170A7C6}.All Projects|Any CPU.Build.0 = Debug|Any CPU
		{A8FF0CD6-D4B3-4021-8830-B568C170A7C6}.All Projects|x64.ActiveCfg = Release|Any CPU
		{A8FF0CD6-D4B3-4021-8830-B568C170A7C6}.All Projects|x64.Build.0 = Release|Any CPU
		{A8FF0CD6-D4B3-4021-8830-B568C170A7C6}.Debug|Any CPU.ActiveCfg = Debug|Any CPU
		{A8FF0CD6-D4B3-4021-8830-B568C170A7C6}.Debug|Any CPU.Build.0 = Debug|Any CPU
		{A8FF0CD6-D4B3-4021-8830-B568C170A7C6}.Debug|x64.ActiveCfg = Debug|Any CPU
		{A8FF0CD6-D4B3-4021-8830-B568C170A7C6}.Debug|x64.Build.0 = Debug|Any CPU
		{A8FF0CD6-D4B3-4021-8830-B568C170A7C6}.None|Any CPU.ActiveCfg = Debug|Any CPU
		{A8FF0CD6-D4B3-4021-8830-B568C170A7C6}.None|Any CPU.Build.0 = Debug|Any CPU
		{A8FF0CD6-D4B3-4021-8830-B568C170A7C6}.None|x64.ActiveCfg = Release|Any CPU
		{A8FF0CD6-D4B3-4021-8830-B568C170A7C6}.None|x64.Build.0 = Release|Any CPU
		{A8FF0CD6-D4B3-4021-8830-B568C170A7C6}.Release|Any CPU.ActiveCfg = Release|Any CPU
		{A8FF0CD6-D4B3-4021-8830-B568C170A7C6}.Release|Any CPU.Build.0 = Release|Any CPU
		{A8FF0CD6-D4B3-4021-8830-B568C170A7C6}.Release|x64.ActiveCfg = Release|Any CPU
		{A8FF0CD6-D4B3-4021-8830-B568C170A7C6}.Release|x64.Build.0 = Release|Any CPU
		{3DD3B304-45C3-FFF4-F6C5-1350B7987C0B}.All Projects|Any CPU.ActiveCfg = Debug|Any CPU
		{3DD3B304-45C3-FFF4-F6C5-1350B7987C0B}.All Projects|Any CPU.Build.0 = Debug|Any CPU
		{3DD3B304-45C3-FFF4-F6C5-1350B7987C0B}.All Projects|x64.ActiveCfg = Release|Any CPU
		{3DD3B304-45C3-FFF4-F6C5-1350B7987C0B}.All Projects|x64.Build.0 = Release|Any CPU
		{3DD3B304-45C3-FFF4-F6C5-1350B7987C0B}.Debug|Any CPU.ActiveCfg = Debug|Any CPU
		{3DD3B304-45C3-FFF4-F6C5-1350B7987C0B}.Debug|Any CPU.Build.0 = Debug|Any CPU
		{3DD3B304-45C3-FFF4-F6C5-1350B7987C0B}.Debug|x64.ActiveCfg = Debug|Any CPU
		{3DD3B304-45C3-FFF4-F6C5-1350B7987C0B}.Debug|x64.Build.0 = Debug|Any CPU
		{3DD3B304-45C3-FFF4-F6C5-1350B7987C0B}.None|Any CPU.ActiveCfg = Debug|Any CPU
		{3DD3B304-45C3-FFF4-F6C5-1350B7987C0B}.None|Any CPU.Build.0 = Debug|Any CPU
		{3DD3B304-45C3-FFF4-F6C5-1350B7987C0B}.None|x64.ActiveCfg = Release|Any CPU
		{3DD3B304-45C3-FFF4-F6C5-1350B7987C0B}.None|x64.Build.0 = Release|Any CPU
		{3DD3B304-45C3-FFF4-F6C5-1350B7987C0B}.Release|Any CPU.ActiveCfg = Release|Any CPU
		{3DD3B304-45C3-FFF4-F6C5-1350B7987C0B}.Release|Any CPU.Build.0 = Release|Any CPU
		{3DD3B304-45C3-FFF4-F6C5-1350B7987C0B}.Release|x64.ActiveCfg = Release|Any CPU
		{3DD3B304-45C3-FFF4-F6C5-1350B7987C0B}.Release|x64.Build.0 = Release|Any CPU
		{8222EAC1-3CAD-41DF-8839-A1CD257A793A}.All Projects|Any CPU.ActiveCfg = Debug|Any CPU
		{8222EAC1-3CAD-41DF-8839-A1CD257A793A}.All Projects|Any CPU.Build.0 = Debug|Any CPU
		{8222EAC1-3CAD-41DF-8839-A1CD257A793A}.All Projects|x64.ActiveCfg = Release|Any CPU
		{8222EAC1-3CAD-41DF-8839-A1CD257A793A}.All Projects|x64.Build.0 = Release|Any CPU
		{8222EAC1-3CAD-41DF-8839-A1CD257A793A}.Debug|Any CPU.ActiveCfg = Debug|Any CPU
		{8222EAC1-3CAD-41DF-8839-A1CD257A793A}.Debug|Any CPU.Build.0 = Debug|Any CPU
		{8222EAC1-3CAD-41DF-8839-A1CD257A793A}.Debug|x64.ActiveCfg = Debug|Any CPU
		{8222EAC1-3CAD-41DF-8839-A1CD257A793A}.Debug|x64.Build.0 = Debug|Any CPU
		{8222EAC1-3CAD-41DF-8839-A1CD257A793A}.None|Any CPU.ActiveCfg = Debug|Any CPU
		{8222EAC1-3CAD-41DF-8839-A1CD257A793A}.None|Any CPU.Build.0 = Debug|Any CPU
		{8222EAC1-3CAD-41DF-8839-A1CD257A793A}.None|x64.ActiveCfg = Release|Any CPU
		{8222EAC1-3CAD-41DF-8839-A1CD257A793A}.None|x64.Build.0 = Release|Any CPU
		{8222EAC1-3CAD-41DF-8839-A1CD257A793A}.Release|Any CPU.ActiveCfg = Release|Any CPU
		{8222EAC1-3CAD-41DF-8839-A1CD257A793A}.Release|Any CPU.Build.0 = Release|Any CPU
		{8222EAC1-3CAD-41DF-8839-A1CD257A793A}.Release|x64.ActiveCfg = Release|Any CPU
		{8222EAC1-3CAD-41DF-8839-A1CD257A793A}.Release|x64.Build.0 = Release|Any CPU
		{5F918713-FF48-4BB7-8846-D8DB955013E9}.All Projects|Any CPU.ActiveCfg = Debug|Any CPU
		{5F918713-FF48-4BB7-8846-D8DB955013E9}.All Projects|Any CPU.Build.0 = Debug|Any CPU
		{5F918713-FF48-4BB7-8846-D8DB955013E9}.All Projects|x64.ActiveCfg = Release|Any CPU
		{5F918713-FF48-4BB7-8846-D8DB955013E9}.All Projects|x64.Build.0 = Release|Any CPU
		{5F918713-FF48-4BB7-8846-D8DB955013E9}.Debug|Any CPU.ActiveCfg = Debug|Any CPU
		{5F918713-FF48-4BB7-8846-D8DB955013E9}.Debug|Any CPU.Build.0 = Debug|Any CPU
		{5F918713-FF48-4BB7-8846-D8DB955013E9}.Debug|x64.ActiveCfg = Debug|Any CPU
		{5F918713-FF48-4BB7-8846-D8DB955013E9}.Debug|x64.Build.0 = Debug|Any CPU
		{5F918713-FF48-4BB7-8846-D8DB955013E9}.None|Any CPU.ActiveCfg = Debug|Any CPU
		{5F918713-FF48-4BB7-8846-D8DB955013E9}.None|Any CPU.Build.0 = Debug|Any CPU
		{5F918713-FF48-4BB7-8846-D8DB955013E9}.None|x64.ActiveCfg = Release|Any CPU
		{5F918713-FF48-4BB7-8846-D8DB955013E9}.None|x64.Build.0 = Release|Any CPU
		{5F918713-FF48-4BB7-8846-D8DB955013E9}.Release|Any CPU.ActiveCfg = Release|Any CPU
		{5F918713-FF48-4BB7-8846-D8DB955013E9}.Release|Any CPU.Build.0 = Release|Any CPU
		{5F918713-FF48-4BB7-8846-D8DB955013E9}.Release|x64.ActiveCfg = Release|Any CPU
		{5F918713-FF48-4BB7-8846-D8DB955013E9}.Release|x64.Build.0 = Release|Any CPU
		{7C4D0BBE-E374-4B43-9AD2-65873D25AD64}.All Projects|Any CPU.ActiveCfg = Debug|Any CPU
		{7C4D0BBE-E374-4B43-9AD2-65873D25AD64}.All Projects|Any CPU.Build.0 = Debug|Any CPU
		{7C4D0BBE-E374-4B43-9AD2-65873D25AD64}.All Projects|x64.ActiveCfg = Debug|Any CPU
		{7C4D0BBE-E374-4B43-9AD2-65873D25AD64}.All Projects|x64.Build.0 = Debug|Any CPU
		{7C4D0BBE-E374-4B43-9AD2-65873D25AD64}.Debug|Any CPU.ActiveCfg = Debug|Any CPU
		{7C4D0BBE-E374-4B43-9AD2-65873D25AD64}.Debug|Any CPU.Build.0 = Debug|Any CPU
		{7C4D0BBE-E374-4B43-9AD2-65873D25AD64}.Debug|x64.ActiveCfg = Debug|Any CPU
		{7C4D0BBE-E374-4B43-9AD2-65873D25AD64}.Debug|x64.Build.0 = Debug|Any CPU
		{7C4D0BBE-E374-4B43-9AD2-65873D25AD64}.None|Any CPU.ActiveCfg = Debug|Any CPU
		{7C4D0BBE-E374-4B43-9AD2-65873D25AD64}.None|Any CPU.Build.0 = Debug|Any CPU
		{7C4D0BBE-E374-4B43-9AD2-65873D25AD64}.None|x64.ActiveCfg = Debug|Any CPU
		{7C4D0BBE-E374-4B43-9AD2-65873D25AD64}.None|x64.Build.0 = Debug|Any CPU
		{7C4D0BBE-E374-4B43-9AD2-65873D25AD64}.Release|Any CPU.ActiveCfg = Release|Any CPU
		{7C4D0BBE-E374-4B43-9AD2-65873D25AD64}.Release|Any CPU.Build.0 = Release|Any CPU
		{7C4D0BBE-E374-4B43-9AD2-65873D25AD64}.Release|x64.ActiveCfg = Release|Any CPU
		{7C4D0BBE-E374-4B43-9AD2-65873D25AD64}.Release|x64.Build.0 = Release|Any CPU
	EndGlobalSection
	GlobalSection(SolutionProperties) = preSolution
		HideSolutionNode = FALSE
	EndGlobalSection
	GlobalSection(NestedProjects) = preSolution
		{D1BCB4A9-960E-43AB-BF63-EFE494361871} = {69B9B197-F47F-421C-8BBA-636A42002B9D}
		{A4019BD8-1CCB-4218-B57F-881303DC17A5} = {D1BCB4A9-960E-43AB-BF63-EFE494361871}
		{6F037C25-1186-4928-AE95-E101D5BEE259} = {69B9B197-F47F-421C-8BBA-636A42002B9D}
		{2C5203F0-F45C-46F6-86F7-62683152D845} = {69B9B197-F47F-421C-8BBA-636A42002B9D}
		{C9B43241-CA0A-4367-8607-FFDBFBE5BA9D} = {69B9B197-F47F-421C-8BBA-636A42002B9D}
		{38BBE7CB-4798-439D-9403-E39A5746B85E} = {69B9B197-F47F-421C-8BBA-636A42002B9D}
		{A8735E5D-E4DC-4159-931F-B50FC9317EC0} = {69B9B197-F47F-421C-8BBA-636A42002B9D}
		{EEEA49D1-9700-4A17-88E0-DFA9BE637FA8} = {91C41A54-E65A-4182-A978-9467867BFF7A}
		{8D200EF2-E7CC-4CE1-A9C3-1C75642475A3} = {91C41A54-E65A-4182-A978-9467867BFF7A}
		{B6DC6194-D538-48A1-9ADE-E074751F44B8} = {91C41A54-E65A-4182-A978-9467867BFF7A}
		{98ED3732-3CCD-4D61-84E8-67FC1F7818CF} = {91C41A54-E65A-4182-A978-9467867BFF7A}
		{F980295F-03D8-417F-B0F3-8264F93713E7} = {91C41A54-E65A-4182-A978-9467867BFF7A}
		{FDCD3FEF-A865-4F1B-91CC-27210D5F74B2} = {C9463DDC-CCEA-4283-9AE9-624B16E5517A}
		{C62BFE0A-3681-4A85-981C-57E631306CAA} = {C9463DDC-CCEA-4283-9AE9-624B16E5517A}
		{E75F0EE3-4C0C-4329-BC3B-5F7191BF5915} = {C9463DDC-CCEA-4283-9AE9-624B16E5517A}
		{F9FA2E43-87DC-460E-9E8D-2EFC489FA350} = {C9463DDC-CCEA-4283-9AE9-624B16E5517A}
		{F6EE81A5-D9B0-4A17-BFFD-C70998660435} = {C9463DDC-CCEA-4283-9AE9-624B16E5517A}
		{2D40BF76-2863-428D-87B4-1AE81FB94ADE} = {213C3B89-F127-4844-A59A-430653207DE3}
		{A8FF0CD6-D4B3-4021-8830-B568C170A7C6} = {69B9B197-F47F-421C-8BBA-636A42002B9D}
		{3DD3B304-45C3-FFF4-F6C5-1350B7987C0B} = {213C3B89-F127-4844-A59A-430653207DE3}
		{02EA681E-C7D8-13C7-8484-4AC65E1B71E8} = {69B9B197-F47F-421C-8BBA-636A42002B9D}
		{8222EAC1-3CAD-41DF-8839-A1CD257A793A} = {02EA681E-C7D8-13C7-8484-4AC65E1B71E8}
		{5F918713-FF48-4BB7-8846-D8DB955013E9} = {213C3B89-F127-4844-A59A-430653207DE3}
		{7C4D0BBE-E374-4B43-9AD2-65873D25AD64} = {69B9B197-F47F-421C-8BBA-636A42002B9D}
	EndGlobalSection
	GlobalSection(ExtensibilityGlobals) = postSolution
		SolutionGuid = {EA00D447-9E1A-43C0-9284-15DB58AED53D}
	EndGlobalSection
EndGlobal
